
Microsoft Visual Studio Solution File, Format Version 12.00
# Visual Studio Version 17
VisualStudioVersion = 17.3.32929.385
MinimumVisualStudioVersion = 10.0.40219.1
Project("{FAE04EC0-301F-11D3-BF4B-00C04F79EFBC}") = "Avia_2", "Avia_2\Avia_2.csproj", "{FF66481C-0AFD-42C8-9441-7A7347E32AA6}"
EndProject
Global
	GlobalSection(SolutionConfigurationPlatforms) = preSolution
		Debug|Any CPU = Debug|Any CPU
		Release|Any CPU = Release|Any CPU
	EndGlobalSection
	GlobalSection(ProjectConfigurationPlatforms) = postSolution
		{FF66481C-0AFD-42C8-9441-7A7347E32AA6}.Debug|Any CPU.ActiveCfg = Debug|Any CPU
		{FF66481C-0AFD-42C8-9441-7A7347E32AA6}.Debug|Any CPU.Build.0 = Debug|Any CPU
		{FF66481C-0AFD-42C8-9441-7A7347E32AA6}.Release|Any CPU.ActiveCfg = Release|Any CPU
		{FF66481C-0AFD-42C8-9441-7A7347E32AA6}.Release|Any CPU.Build.0 = Release|Any CPU
	EndGlobalSection
	GlobalSection(SolutionProperties) = preSolution
		HideSolutionNode = FALSE
	EndGlobalSection
	GlobalSection(ExtensibilityGlobals) = postSolution
		SolutionGuid = {A29705BB-B430-4BCB-A88E-FA48226497DA}
	EndGlobalSection
EndGlobal
